
Microsoft Visual Studio Solution File, Format Version 12.00
# Visual Studio Version 16
VisualStudioVersion = 16.0.30717.126
MinimumVisualStudioVersion = 10.0.40219.1
Project("{FAE04EC0-301F-11D3-BF4B-00C04F79EFBC}") = "VinesauceBands", "VinesauceBands.csproj", "{9D356E43-476F-42FE-8C7C-994C2CF49152}"
EndProject
Global
	GlobalSection(SolutionConfigurationPlatforms) = preSolution
		Debug|Any CPU = Debug|Any CPU
		Release|Any CPU = Release|Any CPU
	EndGlobalSection
	GlobalSection(ProjectConfigurationPlatforms) = postSolution
		{9D356E43-476F-42FE-8C7C-994C2CF49152}.Debug|Any CPU.ActiveCfg = Debug|Any CPU
		{9D356E43-476F-42FE-8C7C-994C2CF49152}.Debug|Any CPU.Build.0 = Debug|Any CPU
		{9D356E43-476F-42FE-8C7C-994C2CF49152}.Release|Any CPU.ActiveCfg = Release|Any CPU
		{9D356E43-476F-42FE-8C7C-994C2CF49152}.Release|Any CPU.Build.0 = Release|Any CPU
	EndGlobalSection
	GlobalSection(SolutionProperties) = preSolution
		HideSolutionNode = FALSE
	EndGlobalSection
	GlobalSection(ExtensibilityGlobals) = postSolution
		SolutionGuid = {771ECC14-DF6F-4A3D-8C2A-7DE77B27887F}
	EndGlobalSection
EndGlobal
